
Microsoft Visual Studio Solution File, Format Version 12.00
# Visual Studio Version 17
VisualStudioVersion = 17.4.33205.214
MinimumVisualStudioVersion = 10.0.40219.1
Project("{FAE04EC0-301F-11D3-BF4B-00C04F79EFBC}") = "Mammoth Cave Quick Trippin'", "Mammoth Cave Quick Trippin'.csproj", "{6C2D81BC-8172-4774-BCE0-173D14B31536}"
EndProject
Global
	GlobalSection(SolutionConfigurationPlatforms) = preSolution
		Debug|Any CPU = Debug|Any CPU
		Release|Any CPU = Release|Any CPU
	EndGlobalSection
	GlobalSection(ProjectConfigurationPlatforms) = postSolution
		{6C2D81BC-8172-4774-BCE0-173D14B31536}.Debug|Any CPU.ActiveCfg = Debug|Any CPU
		{6C2D81BC-8172-4774-BCE0-173D14B31536}.Debug|Any CPU.Build.0 = Debug|Any CPU
		{6C2D81BC-8172-4774-BCE0-173D14B31536}.Release|Any CPU.ActiveCfg = Release|Any CPU
		{6C2D81BC-8172-4774-BCE0-173D14B31536}.Release|Any CPU.Build.0 = Release|Any CPU
	EndGlobalSection
	GlobalSection(SolutionProperties) = preSolution
		HideSolutionNode = FALSE
	EndGlobalSection
	GlobalSection(ExtensibilityGlobals) = postSolution
		SolutionGuid = {316BE05C-EDC7-4A9F-A7DE-D21C24E6A0C6}
	EndGlobalSection
EndGlobal
